// !$*UTF8*$!
{
	archiveVersion = 1;
	classes = {
	};
	objectVersion = 46;
	objects = {

/* Begin PBXBuildFile section */
		84A76B871EB1E73D00DF16C4 /* main.swift in Sources */ = {isa = PBXBuildFile; fileRef = 84A76B861EB1E73D00DF16C4 /* main.swift */; };
		84A76B8E1EB1E77400DF16C4 /* Model.swift in Sources */ = {isa = PBXBuildFile; fileRef = 84A76B8D1EB1E77400DF16C4 /* Model.swift */; };
		84A76B901EB1E78700DF16C4 /* Parsing.swift in Sources */ = {isa = PBXBuildFile; fileRef = 84A76B8F1EB1E78700DF16C4 /* Parsing.swift */; };
		84A76B921EB1E79E00DF16C4 /* PokerPuzzle.swift in Sources */ = {isa = PBXBuildFile; fileRef = 84A76B911EB1E79E00DF16C4 /* PokerPuzzle.swift */; };
/* End PBXBuildFile section */

/* Begin PBXCopyFilesBuildPhase section */
		84A76B811EB1E73D00DF16C4 /* CopyFiles */ = {
			isa = PBXCopyFilesBuildPhase;
			buildActionMask = 2147483647;
			dstPath = /usr/share/man/man1/;
			dstSubfolderSpec = 0;
			files = (
			);
			runOnlyForDeploymentPostprocessing = 1;
		};
/* End PBXCopyFilesBuildPhase section */

/* Begin PBXFileReference section */
		84A76B831EB1E73D00DF16C4 /* PokerPuzzle */ = {isa = PBXFileReference; explicitFileType = "compiled.mach-o.executable"; includeInIndex = 0; path = PokerPuzzle; sourceTree = BUILT_PRODUCTS_DIR; };
		84A76B861EB1E73D00DF16C4 /* main.swift */ = {isa = PBXFileReference; lastKnownFileType = sourcecode.swift; path = main.swift; sourceTree = "<group>"; };
		84A76B8D1EB1E77400DF16C4 /* Model.swift */ = {isa = PBXFileReference; fileEncoding = 4; lastKnownFileType = sourcecode.swift; path = Model.swift; sourceTree = "<group>"; };
		84A76B8F1EB1E78700DF16C4 /* Parsing.swift */ = {isa = PBXFileReference; fileEncoding = 4; lastKnownFileType = sourcecode.swift; path = Parsing.swift; sourceTree = "<group>"; };
		84A76B911EB1E79E00DF16C4 /* PokerPuzzle.swift */ = {isa = PBXFileReference; fileEncoding = 4; lastKnownFileType = sourcecode.swift; path = PokerPuzzle.swift; sourceTree = "<group>"; };
/* End PBXFileReference section */

/* Begin PBXFrameworksBuildPhase section */
		84A76B801EB1E73D00DF16C4 /* Frameworks */ = {
			isa = PBXFrameworksBuildPhase;
			buildActionMask = 2147483647;
			files = (
			);
			runOnlyForDeploymentPostprocessing = 0;
		};
/* End PBXFrameworksBuildPhase section */

/* Begin PBXGroup section */
		84A76B7A1EB1E73D00DF16C4 = {
			isa = PBXGroup;
			children = (
				84A76B851EB1E73D00DF16C4 /* PokerPuzzle */,
				84A76B841EB1E73D00DF16C4 /* Products */,
			);
			sourceTree = "<group>";
		};
		84A76B841EB1E73D00DF16C4 /* Products */ = {
			isa = PBXGroup;
			children = (
				84A76B831EB1E73D00DF16C4 /* PokerPuzzle */,
			);
			name = Products;
			sourceTree = "<group>";
		};
		84A76B851EB1E73D00DF16C4 /* PokerPuzzle */ = {
			isa = PBXGroup;
			children = (
				84A76B861EB1E73D00DF16C4 /* main.swift */,
				84A76B8D1EB1E77400DF16C4 /* Model.swift */,
				84A76B8F1EB1E78700DF16C4 /* Parsing.swift */,
				84A76B911EB1E79E00DF16C4 /* PokerPuzzle.swift */,
			);
			path = PokerPuzzle;
			sourceTree = "<group>";
		};
/* End PBXGroup section */

/* Begin PBXNativeTarget section */
		84A76B821EB1E73D00DF16C4 /* PokerPuzzle */ = {
			isa = PBXNativeTarget;
			buildConfigurationList = 84A76B8A1EB1E73D00DF16C4 /* Build configuration list for PBXNativeTarget "PokerPuzzle" */;
			buildPhases = (
				84A76B7F1EB1E73D00DF16C4 /* Sources */,
				84A76B801EB1E73D00DF16C4 /* Frameworks */,
				84A76B811EB1E73D00DF16C4 /* CopyFiles */,
			);
			buildRules = (
			);
			dependencies = (
			);
			name = PokerPuzzle;
			productName = PokerPuzzle;
			productReference = 84A76B831EB1E73D00DF16C4 /* PokerPuzzle */;
			productType = "com.apple.product-type.tool";
		};
/* End PBXNativeTarget section */

/* Begin PBXProject section */
		84A76B7B1EB1E73D00DF16C4 /* Project object */ = {
			isa = PBXProject;
			attributes = {
				LastSwiftUpdateCheck = 0830;
				LastUpgradeCheck = 0830;
				ORGANIZATIONNAME = "Rocketbox Ltd";
				TargetAttributes = {
					84A76B821EB1E73D00DF16C4 = {
						CreatedOnToolsVersion = 8.3.2;
						ProvisioningStyle = Automatic;
					};
				};
			};
			buildConfigurationList = 84A76B7E1EB1E73D00DF16C4 /* Build configuration list for PBXProject "PokerPuzzle" */;
			compatibilityVersion = "Xcode 3.2";
			developmentRegion = English;
			hasScannedForEncodings = 0;
			knownRegions = (
				en,
			);
			mainGroup = 84A76B7A1EB1E73D00DF16C4;
			productRefGroup = 84A76B841EB1E73D00DF16C4 /* Products */;
			projectDirPath = "";
			projectRoot = "";
			targets = (
				84A76B821EB1E73D00DF16C4 /* PokerPuzzle */,
			);
		};
/* End PBXProject section */

/* Begin PBXSourcesBuildPhase section */
		84A76B7F1EB1E73D00DF16C4 /* Sources */ = {
			isa = PBXSourcesBuildPhase;
			buildActionMask = 2147483647;
			files = (
				84A76B871EB1E73D00DF16C4 /* main.swift in Sources */,
				84A76B901EB1E78700DF16C4 /* Parsing.swift in Sources */,
				84A76B8E1EB1E77400DF16C4 /* Model.swift in Sources */,
				84A76B921EB1E79E00DF16C4 /* PokerPuzzle.swift in Sources */,
			);
			runOnlyForDeploymentPostprocessing = 0;
		};
/* End PBXSourcesBuildPhase section */

/* Begin XCBuildConfiguration section */
		84A76B881EB1E73D00DF16C4 /* Debug */ = {
			isa = XCBuildConfiguration;
			buildSettings = {
				ALWAYS_SEARCH_USER_PATHS = NO;
				CLANG_ANALYZER_NONNULL = YES;
				CLANG_ANALYZER_NUMBER_OBJECT_CONVERSION = YES_AGGRESSIVE;
				CLANG_CXX_LANGUAGE_STANDARD = "gnu++0x";
				CLANG_CXX_LIBRARY = "libc++";
				CLANG_ENABLE_MODULES = YES;
				CLANG_ENABLE_OBJC_ARC = YES;
				CLANG_WARN_BOOL_CONVERSION = YES;
				CLANG_WARN_CONSTANT_CONVERSION = YES;
				CLANG_WARN_DIRECT_OBJC_ISA_USAGE = YES_ERROR;
				CLANG_WARN_DOCUMENTATION_COMMENTS = YES;
				CLANG_WARN_EMPTY_BODY = YES;
				CLANG_WARN_ENUM_CONVERSION = YES;
				CLANG_WARN_INFINITE_RECURSION = YES;
				CLANG_WARN_INT_CONVERSION = YES;
				CLANG_WARN_OBJC_ROOT_CLASS = YES_ERROR;
				CLANG_WARN_SUSPICIOUS_MOVE = YES;
				CLANG_WARN_UNREACHABLE_CODE = YES;
				CLANG_WARN__DUPLICATE_METHOD_MATCH = YES;
				CODE_SIGN_IDENTITY = "-";
				COPY_PHASE_STRIP = NO;
				DEBUG_INFORMATION_FORMAT = dwarf;
				ENABLE_STRICT_OBJC_MSGSEND = YES;
				ENABLE_TESTABILITY = YES;
				GCC_C_LANGUAGE_STANDARD = gnu99;
				GCC_DYNAMIC_NO_PIC = NO;
				GCC_NO_COMMON_BLOCKS = YES;
				GCC_OPTIMIZATION_LEVEL = 0;
				GCC_PREPROCESSOR_DEFINITIONS = (
					"DEBUG=1",
					"$(inherited)",
				);
				GCC_WARN_64_TO_32_BIT_CONVERSION = YES;
				GCC_WARN_ABOUT_RETURN_TYPE = YES_ERROR;
				GCC_WARN_UNDECLARED_SELECTOR = YES;
				GCC_WARN_UNINITIALIZED_AUTOS = YES_AGGRESSIVE;
				GCC_WARN_UNUSED_FUNCTION = YES;
				GCC_WARN_UNUSED_VARIABLE = YES;
				MACOSX_DEPLOYMENT_TARGET = 10.12;
				MTL_ENABLE_DEBUG_INFO = YES;
				ONLY_ACTIVE_ARCH = YES;
				SDKROOT = macosx;
				SWIFT_OPTIMIZATION_LEVEL = "-Onone";
			};
			name = Debug;
		};
		84A76B891EB1E73D00DF16C4 /* Release */ = {
			isa = XCBuildConfiguration;
			buildSettings = {
				ALWAYS_SEARCH_USER_PATHS = NO;
				CLANG_ANALYZER_NONNULL = YES;
				CLANG_ANALYZER_NUMBER_OBJECT_CONVERSION = YES_AGGRESSIVE;
				CLANG_CXX_LANGUAGE_STANDARD = "gnu++0x";
				CLANG_CXX_LIBRARY = "libc++";
				CLANG_ENABLE_MODULES = YES;
				CLANG_ENABLE_OBJC_ARC = YES;
				CLANG_WARN_BOOL_CONVERSION = YES;
				CLANG_WARN_CONSTANT_CONVERSION = YES;
				CLANG_WARN_DIRECT_OBJC_ISA_USAGE = YES_ERROR;
				CLANG_WARN_DOCUMENTATION_COMMENTS = YES;
				CLANG_WARN_EMPTY_BODY = YES;
				CLANG_WARN_ENUM_CONVERSION = YES;
				CLANG_WARN_INFINITE_RECURSION = YES;
				CLANG_WARN_INT_CONVERSION = YES;
				CLANG_WARN_OBJC_ROOT_CLASS = YES_ERROR;
				CLANG_WARN_SUSPICIOUS_MOVE = YES;
				CLANG_WARN_UNREACHABLE_CODE = YES;
				CLANG_WARN__DUPLICATE_METHOD_MATCH = YES;
				CODE_SIGN_IDENTITY = "-";
				COPY_PHASE_STRIP = NO;
				DEBUG_INFORMATION_FORMAT = "dwarf-with-dsym";
				ENABLE_NS_ASSERTIONS = NO;
				ENABLE_STRICT_OBJC_MSGSEND = YES;
				GCC_C_LANGUAGE_STANDARD = gnu99;
				GCC_NO_COMMON_BLOCKS = YES;
				GCC_WARN_64_TO_32_BIT_CONVERSION = YES;
				GCC_WARN_ABOUT_RETURN_TYPE = YES_ERROR;
				GCC_WARN_UNDECLARED_SELECTOR = YES;
				GCC_WARN_UNINITIALIZED_AUTOS = YES_AGGRESSIVE;
				GCC_WARN_UNUSED_FUNCTION = YES;
				GCC_WARN_UNUSED_VARIABLE = YES;
				MACOSX_DEPLOYMENT_TARGET = 10.12;
				MTL_ENABLE_DEBUG_INFO = NO;
				SDKROOT = macosx;
			};
			name = Release;
		};
		84A76B8B1EB1E73D00DF16C4 /* Debug */ = {
			isa = XCBuildConfiguration;
			buildSettings = {
				PRODUCT_NAME = "$(TARGET_NAME)";
				SWIFT_VERSION = 3.0;
			};
			name = Debug;
		};
		84A76B8C1EB1E73D00DF16C4 /* Release */ = {
			isa = XCBuildConfiguration;
			buildSettings = {
				PRODUCT_NAME = "$(TARGET_NAME)";
				SWIFT_VERSION = 3.0;
			};
			name = Release;
		};
/* End XCBuildConfiguration section */

/* Begin XCConfigurationList section */
		84A76B7E1EB1E73D00DF16C4 /* Build configuration list for PBXProject "PokerPuzzle" */ = {
			isa = XCConfigurationList;
			buildConfigurations = (
				84A76B881EB1E73D00DF16C4 /* Debug */,
				84A76B891EB1E73D00DF16C4 /* Release */,
			);
			defaultConfigurationIsVisible = 0;
			defaultConfigurationName = Release;
		};
		84A76B8A1EB1E73D00DF16C4 /* Build configuration list for PBXNativeTarget "PokerPuzzle" */ = {
			isa = XCConfigurationList;
			buildConfigurations = (
				84A76B8B1EB1E73D00DF16C4 /* Debug */,
				84A76B8C1EB1E73D00DF16C4 /* Release */,
			);
			defaultConfigurationIsVisible = 0;
			defaultConfigurationName = Release;
		};
/* End XCConfigurationList section */
	};
	rootObject = 84A76B7B1EB1E73D00DF16C4 /* Project object */;
}
